
Microsoft Visual Studio Solution File, Format Version 12.00
# Visual Studio Version 16
VisualStudioVersion = 16.0.31205.134
MinimumVisualStudioVersion = 10.0.40219.1
Project("{FAE04EC0-301F-11D3-BF4B-00C04F79EFBC}") = "Comparateur (Application)", "Comparateur (Application)\Comparateur (Application).csproj", "{BBD22664-16BF-444C-BE7E-A585F19672C1}"
EndProject
Global
	GlobalSection(SolutionConfigurationPlatforms) = preSolution
		Debug|Any CPU = Debug|Any CPU
		Release|Any CPU = Release|Any CPU
	EndGlobalSection
	GlobalSection(ProjectConfigurationPlatforms) = postSolution
		{BBD22664-16BF-444C-BE7E-A585F19672C1}.Debug|Any CPU.ActiveCfg = Debug|Any CPU
		{BBD22664-16BF-444C-BE7E-A585F19672C1}.Debug|Any CPU.Build.0 = Debug|Any CPU
		{BBD22664-16BF-444C-BE7E-A585F19672C1}.Release|Any CPU.ActiveCfg = Release|Any CPU
		{BBD22664-16BF-444C-BE7E-A585F19672C1}.Release|Any CPU.Build.0 = Release|Any CPU
	EndGlobalSection
	GlobalSection(SolutionProperties) = preSolution
		HideSolutionNode = FALSE
	EndGlobalSection
	GlobalSection(ExtensibilityGlobals) = postSolution
		SolutionGuid = {4D25E1D6-A324-4487-99A5-6C886B096E9B}
	EndGlobalSection
EndGlobal
