
Microsoft Visual Studio Solution File, Format Version 12.00
# Visual Studio Version 16
VisualStudioVersion = 16.0.31205.134
MinimumVisualStudioVersion = 10.0.40219.1
Project("{FAE04EC0-301F-11D3-BF4B-00C04F79EFBC}") = "Consultation_Reservation (Service web)", "Consultation_Reservation (Service web)\Consultation_Reservation (Service web).csproj", "{BA4B1E9C-5702-4D8E-8221-E523B6933372}"
EndProject
Global
	GlobalSection(SolutionConfigurationPlatforms) = preSolution
		Debug|Any CPU = Debug|Any CPU
		Release|Any CPU = Release|Any CPU
	EndGlobalSection
	GlobalSection(ProjectConfigurationPlatforms) = postSolution
		{BA4B1E9C-5702-4D8E-8221-E523B6933372}.Debug|Any CPU.ActiveCfg = Debug|Any CPU
		{BA4B1E9C-5702-4D8E-8221-E523B6933372}.Debug|Any CPU.Build.0 = Debug|Any CPU
		{BA4B1E9C-5702-4D8E-8221-E523B6933372}.Release|Any CPU.ActiveCfg = Release|Any CPU
		{BA4B1E9C-5702-4D8E-8221-E523B6933372}.Release|Any CPU.Build.0 = Release|Any CPU
	EndGlobalSection
	GlobalSection(SolutionProperties) = preSolution
		HideSolutionNode = FALSE
	EndGlobalSection
	GlobalSection(ExtensibilityGlobals) = postSolution
		SolutionGuid = {E7F9448D-FB1F-4884-A6D0-664571E45F93}
	EndGlobalSection
EndGlobal
